
Microsoft Visual Studio Solution File, Format Version 12.00
# Visual Studio Version 17
VisualStudioVersion = 17.0.31903.59
MinimumVisualStudioVersion = 10.0.40219.1
Project("{FAE04EC0-301F-11D3-BF4B-00C04F79EFBC}") = "SoapService", "SoapService\SoapService.csproj", "{FAF13466-8BCD-43B4-B5B7-1FFC6334FBA0}"
EndProject
Global
	GlobalSection(SolutionConfigurationPlatforms) = preSolution
		Debug|Any CPU = Debug|Any CPU
		Release|Any CPU = Release|Any CPU
	EndGlobalSection
	GlobalSection(ProjectConfigurationPlatforms) = postSolution
		{FAF13466-8BCD-43B4-B5B7-1FFC6334FBA0}.Debug|Any CPU.ActiveCfg = Debug|Any CPU
		{FAF13466-8BCD-43B4-B5B7-1FFC6334FBA0}.Debug|Any CPU.Build.0 = Debug|Any CPU
		{FAF13466-8BCD-43B4-B5B7-1FFC6334FBA0}.Release|Any CPU.ActiveCfg = Release|Any CPU
		{FAF13466-8BCD-43B4-B5B7-1FFC6334FBA0}.Release|Any CPU.Build.0 = Release|Any CPU
	EndGlobalSection
	GlobalSection(SolutionProperties) = preSolution
		HideSolutionNode = FALSE
	EndGlobalSection
	GlobalSection(ExtensibilityGlobals) = postSolution
		SolutionGuid = {D237846E-A6D7-49B9-8882-B90880AC4DCC}
	EndGlobalSection
EndGlobal
